# generated by rye
# use `rye lock` or `rye sync` to update this lockfile
#
# last locked with the following flags:
#   pre: false
#   features: []
#   all-features: false
#   with-sources: false
#   generate-hashes: false
#   universal: true

absl-py==2.1.0
    # via tensorboard
aenum==3.1.15
    # via lightly
aiohappyeyeballs==2.4.4
    # via aiohttp
aiohttp==3.11.9
    # via fsspec
aiosignal==1.3.1
    # via aiohttp
alembic==1.14.0
    # via optuna
annotated-types==0.7.0
    # via pydantic
antlr4-python3-runtime==4.9.3
    # via hydra-core
    # via omegaconf
anyio==4.8.0
    # via starlette
arrow==1.3.0
    # via isoduration
attrs==23.2.0
    # via aiohttp
    # via jsonschema
    # via referencing
    # via sagemaker
autopage==0.5.2
    # via cliff
boto3==1.35.85
    # via neptune
    # via sagemaker
    # via sagemaker-core
botocore==1.35.85
    # via boto3
    # via s3transfer
bravado==11.0.3
    # via neptune
bravado-core==6.1.1
    # via bravado
certifi==2024.8.30
    # via lightly
    # via requests
    # via sentry-sdk
cffi==1.17.1
    # via soundfile
charset-normalizer==3.4.0
    # via requests
click==8.1.7
    # via neptune
    # via uvicorn
    # via wandb
cliff==4.8.0
    # via optuna
cloudpickle==3.1.1
    # via sagemaker
cmaes==0.11.1
    # via optuna
cmd2==2.5.8
    # via cliff
colorama==0.4.6 ; sys_platform == 'win32'
    # via click
    # via colorlog
    # via tqdm
colorlog==6.9.0
    # via hydra-colorlog
    # via optuna
contourpy==1.3.1
    # via matplotlib
cycler==0.12.1
    # via matplotlib
dill==0.3.9
    # via multiprocess
    # via pathos
docker==7.1.0
    # via sagemaker
docker-pycreds==0.4.0
    # via wandb
fastapi==0.115.6
    # via sagemaker
filelock==3.16.1
    # via torch
    # via triton
fonttools==4.55.1
    # via matplotlib
fqdn==1.5.1
    # via jsonschema
frozenlist==1.5.0
    # via aiohttp
    # via aiosignal
fsspec==2024.10.0
    # via lightning
    # via pytorch-lightning
    # via torch
future==1.0.0
    # via neptune
gitdb==4.0.11
    # via gitpython
gitpython==3.1.43
    # via neptune
    # via wandb
gnureadline==8.2.13 ; sys_platform == 'darwin'
    # via cmd2
google-pasta==0.2.0
    # via sagemaker
grad-cam==1.5.4
greenlet==3.1.1 ; (python_full_version < '3.13' and platform_machine == 'AMD64') or (python_full_version < '3.13' and platform_machine == 'WIN32') or (python_full_version < '3.13' and platform_machine == 'aarch64') or (python_full_version < '3.13' and platform_machine == 'amd64') or (python_full_version < '3.13' and platform_machine == 'ppc64le') or (python_full_version < '3.13' and platform_machine == 'win32') or (python_full_version < '3.13' and platform_machine == 'x86_64')
    # via sqlalchemy
grpcio==1.68.1
    # via tensorboard
h11==0.14.0
    # via uvicorn
h5py==3.12.1
hydra-colorlog==1.2.0
hydra-core==1.3.2
    # via hydra-colorlog
    # via hydra-optuna-sweeper
    # via lightly
hydra-optuna-sweeper==1.2.0
idna==3.10
    # via anyio
    # via jsonschema
    # via requests
    # via yarl
imageio==2.36.1
importlib-metadata==6.11.0
    # via sagemaker
    # via sagemaker-core
importlib-resources==6.4.5
    # via swagger-spec-validator
isoduration==20.11.0
    # via jsonschema
jinja2==3.1.4
    # via torch
jmespath==1.0.1
    # via boto3
    # via botocore
joblib==1.4.2
    # via scikit-learn
jsonpointer==3.0.0
    # via jsonschema
jsonref==1.1.0
    # via bravado-core
jsonschema==4.23.0
    # via bravado-core
    # via sagemaker
    # via sagemaker-core
    # via swagger-spec-validator
jsonschema-specifications==2024.10.1
    # via jsonschema
kiwisolver==1.4.7
    # via matplotlib
lightly==1.5.15
lightly-utils==0.0.2
    # via lightly
lightning==2.4.0
lightning-bolts==0.7.0
lightning-utilities==0.11.9
    # via lightning
    # via lightning-bolts
    # via pytorch-lightning
    # via torchmetrics
mako==1.3.8
    # via alembic
markdown==3.7
    # via tensorboard
markdown-it-py==3.0.0
    # via rich
markupsafe==3.0.2
    # via jinja2
    # via mako
    # via werkzeug
matplotlib==3.9.3
    # via grad-cam
    # via seaborn
    # via wfdb
mdurl==0.1.2
    # via markdown-it-py
mock==4.0.3
    # via sagemaker-core
monotonic==1.6
    # via bravado
mpmath==1.3.0
    # via sympy
msgpack==1.1.0
    # via bravado
    # via bravado-core
multidict==6.1.0
    # via aiohttp
    # via yarl
multiprocess==0.70.17
    # via pathos
neptune==1.13.0
networkx==3.4.2
    # via torch
nibabel==5.3.2
numpy==1.26.4
    # via cmaes
    # via contourpy
    # via grad-cam
    # via h5py
    # via imageio
    # via lightly
    # via lightly-utils
    # via lightning-bolts
    # via matplotlib
    # via nibabel
    # via opencv-python
    # via optuna
    # via pandas
    # via pytorch-lightning
    # via sagemaker
    # via scikit-learn
    # via scipy
    # via seaborn
    # via soundfile
    # via tensorboard
    # via torchmetrics
    # via torchvision
    # via wfdb
nvidia-cublas-cu12==12.1.3.1 ; platform_machine == 'x86_64' and sys_platform == 'linux'
    # via nvidia-cudnn-cu12
    # via nvidia-cusolver-cu12
    # via torch
nvidia-cuda-cupti-cu12==12.1.105 ; platform_machine == 'x86_64' and sys_platform == 'linux'
    # via torch
nvidia-cuda-nvrtc-cu12==12.1.105 ; platform_machine == 'x86_64' and sys_platform == 'linux'
    # via torch
nvidia-cuda-runtime-cu12==12.1.105 ; platform_machine == 'x86_64' and sys_platform == 'linux'
    # via torch
nvidia-cudnn-cu12==9.1.0.70 ; platform_machine == 'x86_64' and sys_platform == 'linux'
    # via torch
nvidia-cufft-cu12==11.0.2.54 ; platform_machine == 'x86_64' and sys_platform == 'linux'
    # via torch
nvidia-curand-cu12==10.3.2.106 ; platform_machine == 'x86_64' and sys_platform == 'linux'
    # via torch
nvidia-cusolver-cu12==11.4.5.107 ; platform_machine == 'x86_64' and sys_platform == 'linux'
    # via torch
nvidia-cusparse-cu12==12.1.0.106 ; platform_machine == 'x86_64' and sys_platform == 'linux'
    # via nvidia-cusolver-cu12
    # via torch
nvidia-nccl-cu12==2.20.5 ; platform_machine == 'x86_64' and sys_platform == 'linux'
    # via torch
nvidia-nvjitlink-cu12==12.6.85 ; platform_machine == 'x86_64' and sys_platform == 'linux'
    # via nvidia-cusolver-cu12
    # via nvidia-cusparse-cu12
nvidia-nvtx-cu12==12.1.105 ; platform_machine == 'x86_64' and sys_platform == 'linux'
    # via torch
oauthlib==3.2.2
    # via neptune
    # via requests-oauthlib
omegaconf==2.2.3
    # via hydra-core
    # via sagemaker
opencv-python==4.11.0.86
    # via grad-cam
optuna==2.10.1
    # via hydra-optuna-sweeper
packaging==24.2
    # via hydra-core
    # via lightning
    # via lightning-utilities
    # via matplotlib
    # via neptune
    # via nibabel
    # via optuna
    # via pytorch-lightning
    # via sagemaker
    # via tensorboard
    # via torchmetrics
pandas==2.2.3
    # via neptune
    # via sagemaker
    # via seaborn
    # via wfdb
pathos==0.3.3
    # via sagemaker
pbr==6.1.0
    # via stevedore
pillow==11.0.0
    # via grad-cam
    # via imageio
    # via lightly-utils
    # via matplotlib
    # via neptune
    # via torchvision
platformdirs==4.3.6
    # via sagemaker
    # via sagemaker-core
    # via wandb
pox==0.3.5
    # via pathos
ppft==1.7.6.9
    # via pathos
prettytable==3.12.0
    # via cliff
propcache==0.2.1
    # via aiohttp
    # via yarl
protobuf==3.20.3
    # via sagemaker
    # via tensorboard
    # via wandb
psutil==6.1.0
    # via neptune
    # via sagemaker
    # via wandb
pycparser==2.22
    # via cffi
pydantic==2.10.3
    # via fastapi
    # via lightly
    # via sagemaker-core
    # via wandb
pydantic-core==2.27.1
    # via pydantic
pygments==2.18.0
    # via rich
pyjwt==2.10.1
    # via neptune
pyparsing==3.2.0
    # via matplotlib
pyperclip==1.9.0
    # via cmd2
pyreadline3==3.5.4 ; sys_platform == 'win32'
    # via cmd2
python-dateutil==2.9.0.post0
    # via arrow
    # via botocore
    # via bravado
    # via bravado-core
    # via lightly
    # via matplotlib
    # via pandas
python-dotenv==1.0.1
    # via rootutils
pytorch-lightning==1.9.5
    # via lightly
    # via lightning
    # via lightning-bolts
pytz==2024.2
    # via bravado-core
    # via pandas
pywin32==308 ; sys_platform == 'win32'
    # via docker
pyyaml==6.0.2
    # via bravado
    # via bravado-core
    # via cliff
    # via lightning
    # via omegaconf
    # via optuna
    # via pytorch-lightning
    # via sagemaker
    # via sagemaker-core
    # via swagger-spec-validator
    # via wandb
referencing==0.35.1
    # via jsonschema
    # via jsonschema-specifications
requests==2.32.3
    # via bravado
    # via bravado-core
    # via docker
    # via lightly
    # via neptune
    # via requests-oauthlib
    # via sagemaker
    # via wandb
    # via wfdb
requests-oauthlib==2.0.0
    # via neptune
rfc3339-validator==0.1.4
    # via jsonschema
rfc3986-validator==0.1.1
    # via jsonschema
rich==13.9.4
    # via sagemaker-core
rootutils==1.0.7
rpds-py==0.22.3
    # via jsonschema
    # via referencing
s3transfer==0.10.4
    # via boto3
sagemaker==2.237.3
sagemaker-core==1.0.17
    # via sagemaker
schema==0.7.7
    # via sagemaker
scikit-learn==1.5.2
    # via grad-cam
scipy==1.14.1
    # via optuna
    # via scikit-learn
    # via wfdb
seaborn==0.13.2
sentry-sdk==2.19.2
    # via wandb
setproctitle==1.3.4
    # via wandb
setuptools==75.6.0
    # via lightning-utilities
    # via neptune
    # via tensorboard
    # via torch
    # via wandb
simplejson==3.19.3
    # via bravado
    # via bravado-core
six==1.17.0
    # via bravado
    # via bravado-core
    # via docker-pycreds
    # via google-pasta
    # via lightly
    # via neptune
    # via python-dateutil
    # via rfc3339-validator
    # via tensorboard
smdebug-rulesconfig==1.0.1
    # via sagemaker
smmap==5.0.1
    # via gitdb
sniffio==1.3.1
    # via anyio
soundfile==0.13.1
    # via wfdb
sqlalchemy==2.0.36
    # via alembic
    # via optuna
starlette==0.41.3
    # via fastapi
stevedore==5.4.0
    # via cliff
swagger-spec-validator==3.0.4
    # via bravado-core
    # via neptune
sympy==1.13.3
    # via torch
tblib==3.0.0
    # via sagemaker
tensorboard==2.18.0
    # via lightning-bolts
tensorboard-data-server==0.7.2
    # via tensorboard
threadpoolctl==3.5.0
    # via scikit-learn
timm @ git+https://github.com/oetu/pytorch-image-models/@779b8e214c95c1a672d0fffd0b25538d8bcf0fe7
torch==2.4.0
    # via grad-cam
    # via lightly
    # via lightning
    # via pytorch-lightning
    # via timm
    # via torchmetrics
    # via torchvision
torchmetrics==1.6.0
    # via lightning
    # via lightning-bolts
    # via pytorch-lightning
torchvision==0.19.0
    # via grad-cam
    # via lightly
    # via lightning-bolts
    # via timm
tqdm==4.67.1
    # via grad-cam
    # via lightly
    # via lightning
    # via optuna
    # via pytorch-lightning
    # via sagemaker
triton==3.0.0 ; python_full_version < '3.13' and platform_machine == 'x86_64' and sys_platform == 'linux'
    # via torch
ttach==0.0.3
    # via grad-cam
types-python-dateutil==2.9.0.20241003
    # via arrow
typing-extensions==4.12.2
    # via alembic
    # via anyio
    # via bravado
    # via fastapi
    # via lightning
    # via lightning-utilities
    # via neptune
    # via nibabel
    # via pydantic
    # via pydantic-core
    # via pytorch-lightning
    # via sqlalchemy
    # via swagger-spec-validator
    # via torch
tzdata==2024.2
    # via pandas
uri-template==1.3.0
    # via jsonschema
urllib3==2.2.3
    # via botocore
    # via docker
    # via lightly
    # via neptune
    # via requests
    # via sagemaker
    # via sentry-sdk
uvicorn==0.34.0
    # via sagemaker
wandb==0.19.0
wcwidth==0.2.13
    # via cmd2
    # via prettytable
webcolors==24.11.1
    # via jsonschema
websocket-client==1.8.0
    # via neptune
werkzeug==3.1.3
    # via tensorboard
wfdb==4.2.0
yarl==1.18.3
    # via aiohttp
zipp==3.21.0
    # via importlib-metadata
